// !$*UTF8*$!
{
	archiveVersion = 1;
	classes = {
	};
	objectVersion = 56;
	objects = {

/* Begin PBXBuildFile section */
		6A98C84F29F301FC00530E40 /* JobScheduler.swift in Sources */ = {isa = PBXBuildFile; fileRef = 6A98C84E29F301FC00530E40 /* JobScheduler.swift */; };
		6A98C85229F3048300530E40 /* String+SuffixArray.swift in Sources */ = {isa = PBXBuildFile; fileRef = 6A98C85129F3048300530E40 /* String+SuffixArray.swift */; };
		6AC12A5B29F2F6170082E103 /* SuffixIteratorApp.swift in Sources */ = {isa = PBXBuildFile; fileRef = 6AC12A5A29F2F6170082E103 /* SuffixIteratorApp.swift */; };
		6AC12A5D29F2F6170082E103 /* SuffixSearchView.swift in Sources */ = {isa = PBXBuildFile; fileRef = 6AC12A5C29F2F6170082E103 /* SuffixSearchView.swift */; };
		6AC12A5F29F2F6170082E103 /* Assets.xcassets in Resources */ = {isa = PBXBuildFile; fileRef = 6AC12A5E29F2F6170082E103 /* Assets.xcassets */; };
		6AC12A6229F2F6170082E103 /* Preview Assets.xcassets in Resources */ = {isa = PBXBuildFile; fileRef = 6AC12A6129F2F6170082E103 /* Preview Assets.xcassets */; };
		6AC12A6E29F2FB310082E103 /* Suffix.swift in Sources */ = {isa = PBXBuildFile; fileRef = 6AC12A6D29F2FB310082E103 /* Suffix.swift */; };
		6AC12A7229F2FBF60082E103 /* SuffixSearchViewModel.swift in Sources */ = {isa = PBXBuildFile; fileRef = 6AC12A7129F2FBF60082E103 /* SuffixSearchViewModel.swift */; };
/* End PBXBuildFile section */

/* Begin PBXFileReference section */
		6A98C84E29F301FC00530E40 /* JobScheduler.swift */ = {isa = PBXFileReference; lastKnownFileType = sourcecode.swift; path = JobScheduler.swift; sourceTree = "<group>"; };
		6A98C85129F3048300530E40 /* String+SuffixArray.swift */ = {isa = PBXFileReference; lastKnownFileType = sourcecode.swift; path = "String+SuffixArray.swift"; sourceTree = "<group>"; };
		6AC12A5729F2F6170082E103 /* SuffixIterator.app */ = {isa = PBXFileReference; explicitFileType = wrapper.application; includeInIndex = 0; path = SuffixIterator.app; sourceTree = BUILT_PRODUCTS_DIR; };
		6AC12A5A29F2F6170082E103 /* SuffixIteratorApp.swift */ = {isa = PBXFileReference; lastKnownFileType = sourcecode.swift; path = SuffixIteratorApp.swift; sourceTree = "<group>"; };
		6AC12A5C29F2F6170082E103 /* SuffixSearchView.swift */ = {isa = PBXFileReference; lastKnownFileType = sourcecode.swift; path = SuffixSearchView.swift; sourceTree = "<group>"; };
		6AC12A5E29F2F6170082E103 /* Assets.xcassets */ = {isa = PBXFileReference; lastKnownFileType = folder.assetcatalog; path = Assets.xcassets; sourceTree = "<group>"; };
		6AC12A6129F2F6170082E103 /* Preview Assets.xcassets */ = {isa = PBXFileReference; lastKnownFileType = folder.assetcatalog; path = "Preview Assets.xcassets"; sourceTree = "<group>"; };
		6AC12A6D29F2FB310082E103 /* Suffix.swift */ = {isa = PBXFileReference; lastKnownFileType = sourcecode.swift; path = Suffix.swift; sourceTree = "<group>"; };
		6AC12A7129F2FBF60082E103 /* SuffixSearchViewModel.swift */ = {isa = PBXFileReference; lastKnownFileType = sourcecode.swift; path = SuffixSearchViewModel.swift; sourceTree = "<group>"; };
/* End PBXFileReference section */

/* Begin PBXFrameworksBuildPhase section */
		6AC12A5429F2F6170082E103 /* Frameworks */ = {
			isa = PBXFrameworksBuildPhase;
			buildActionMask = 2147483647;
			files = (
			);
			runOnlyForDeploymentPostprocessing = 0;
		};
/* End PBXFrameworksBuildPhase section */

/* Begin PBXGroup section */
		6A98C85029F3046D00530E40 /* Extensions */ = {
			isa = PBXGroup;
			children = (
				6A98C85129F3048300530E40 /* String+SuffixArray.swift */,
			);
			path = Extensions;
			sourceTree = "<group>";
		};
		6AC12A4E29F2F6170082E103 = {
			isa = PBXGroup;
			children = (
				6AC12A5929F2F6170082E103 /* SuffixIterator */,
				6AC12A5829F2F6170082E103 /* Products */,
			);
			sourceTree = "<group>";
		};
		6AC12A5829F2F6170082E103 /* Products */ = {
			isa = PBXGroup;
			children = (
				6AC12A5729F2F6170082E103 /* SuffixIterator.app */,
			);
			name = Products;
			sourceTree = "<group>";
		};
		6AC12A5929F2F6170082E103 /* SuffixIterator */ = {
			isa = PBXGroup;
			children = (
				6AC12A5A29F2F6170082E103 /* SuffixIteratorApp.swift */,
				6AC12A6829F2FAF70082E103 /* Logic */,
				6AC12A6929F2FAFE0082E103 /* Core */,
				6AC12A6B29F2FB100082E103 /* Presentation */,
				6AC12A5E29F2F6170082E103 /* Assets.xcassets */,
				6AC12A6029F2F6170082E103 /* Preview Content */,
			);
			path = SuffixIterator;
			sourceTree = "<group>";
		};
		6AC12A6029F2F6170082E103 /* Preview Content */ = {
			isa = PBXGroup;
			children = (
				6AC12A6129F2F6170082E103 /* Preview Assets.xcassets */,
			);
			path = "Preview Content";
			sourceTree = "<group>";
		};
		6AC12A6829F2FAF70082E103 /* Logic */ = {
			isa = PBXGroup;
			children = (
				6AC12A6C29F2FB220082E103 /* Models */,
			);
			path = Logic;
			sourceTree = "<group>";
		};
		6AC12A6929F2FAFE0082E103 /* Core */ = {
			isa = PBXGroup;
			children = (
				6A98C84E29F301FC00530E40 /* JobScheduler.swift */,
				6A98C85029F3046D00530E40 /* Extensions */,
			);
			path = Core;
			sourceTree = "<group>";
		};
		6AC12A6B29F2FB100082E103 /* Presentation */ = {
			isa = PBXGroup;
			children = (
				6AC12A7029F2FBE20082E103 /* SearchView */,
			);
			path = Presentation;
			sourceTree = "<group>";
		};
		6AC12A6C29F2FB220082E103 /* Models */ = {
			isa = PBXGroup;
			children = (
				6AC12A6D29F2FB310082E103 /* Suffix.swift */,
			);
			path = Models;
			sourceTree = "<group>";
		};
		6AC12A7029F2FBE20082E103 /* SearchView */ = {
			isa = PBXGroup;
			children = (
				6AC12A5C29F2F6170082E103 /* SuffixSearchView.swift */,
				6AC12A7129F2FBF60082E103 /* SuffixSearchViewModel.swift */,
			);
			path = SearchView;
			sourceTree = "<group>";
		};
/* End PBXGroup section */

/* Begin PBXNativeTarget section */
		6AC12A5629F2F6170082E103 /* SuffixIterator */ = {
			isa = PBXNativeTarget;
			buildConfigurationList = 6AC12A6529F2F6170082E103 /* Build configuration list for PBXNativeTarget "SuffixIterator" */;
			buildPhases = (
				6AC12A5329F2F6170082E103 /* Sources */,
				6AC12A5429F2F6170082E103 /* Frameworks */,
				6AC12A5529F2F6170082E103 /* Resources */,
			);
			buildRules = (
			);
			dependencies = (
			);
			name = SuffixIterator;
			productName = SuffixIterator;
			productReference = 6AC12A5729F2F6170082E103 /* SuffixIterator.app */;
			productType = "com.apple.product-type.application";
		};
/* End PBXNativeTarget section */

/* Begin PBXProject section */
		6AC12A4F29F2F6170082E103 /* Project object */ = {
			isa = PBXProject;
			attributes = {
				BuildIndependentTargetsInParallel = 1;
				LastSwiftUpdateCheck = 1430;
				LastUpgradeCheck = 1430;
				TargetAttributes = {
					6AC12A5629F2F6170082E103 = {
						CreatedOnToolsVersion = 14.3;
					};
				};
			};
			buildConfigurationList = 6AC12A5229F2F6170082E103 /* Build configuration list for PBXProject "SuffixIterator" */;
			compatibilityVersion = "Xcode 14.0";
			developmentRegion = en;
			hasScannedForEncodings = 0;
			knownRegions = (
				en,
				Base,
			);
			mainGroup = 6AC12A4E29F2F6170082E103;
			productRefGroup = 6AC12A5829F2F6170082E103 /* Products */;
			projectDirPath = "";
			projectRoot = "";
			targets = (
				6AC12A5629F2F6170082E103 /* SuffixIterator */,
			);
		};
/* End PBXProject section */

/* Begin PBXResourcesBuildPhase section */
		6AC12A5529F2F6170082E103 /* Resources */ = {
			isa = PBXResourcesBuildPhase;
			buildActionMask = 2147483647;
			files = (
				6AC12A6229F2F6170082E103 /* Preview Assets.xcassets in Resources */,
				6AC12A5F29F2F6170082E103 /* Assets.xcassets in Resources */,
			);
			runOnlyForDeploymentPostprocessing = 0;
		};
/* End PBXResourcesBuildPhase section */

/* Begin PBXSourcesBuildPhase section */
		6AC12A5329F2F6170082E103 /* Sources */ = {
			isa = PBXSourcesBuildPhase;
			buildActionMask = 2147483647;
			files = (
				6AC12A5D29F2F6170082E103 /* SuffixSearchView.swift in Sources */,
				6A98C84F29F301FC00530E40 /* JobScheduler.swift in Sources */,
				6AC12A7229F2FBF60082E103 /* SuffixSearchViewModel.swift in Sources */,
				6A98C85229F3048300530E40 /* String+SuffixArray.swift in Sources */,
				6AC12A5B29F2F6170082E103 /* SuffixIteratorApp.swift in Sources */,
				6AC12A6E29F2FB310082E103 /* Suffix.swift in Sources */,
			);
			runOnlyForDeploymentPostprocessing = 0;
		};
/* End PBXSourcesBuildPhase section */

/* Begin XCBuildConfiguration section */
		6AC12A6329F2F6170082E103 /* Debug */ = {
			isa = XCBuildConfiguration;
			buildSettings = {
				ALWAYS_SEARCH_USER_PATHS = NO;
				CLANG_ANALYZER_NONNULL = YES;
				CLANG_ANALYZER_NUMBER_OBJECT_CONVERSION = YES_AGGRESSIVE;
				CLANG_CXX_LANGUAGE_STANDARD = "gnu++20";
				CLANG_ENABLE_MODULES = YES;
				CLANG_ENABLE_OBJC_ARC = YES;
				CLANG_ENABLE_OBJC_WEAK = YES;
				CLANG_WARN_BLOCK_CAPTURE_AUTORELEASING = YES;
				CLANG_WARN_BOOL_CONVERSION = YES;
				CLANG_WARN_COMMA = YES;
				CLANG_WARN_CONSTANT_CONVERSION = YES;
				CLANG_WARN_DEPRECATED_OBJC_IMPLEMENTATIONS = YES;
				CLANG_WARN_DIRECT_OBJC_ISA_USAGE = YES_ERROR;
				CLANG_WARN_DOCUMENTATION_COMMENTS = YES;
				CLANG_WARN_EMPTY_BODY = YES;
				CLANG_WARN_ENUM_CONVERSION = YES;
				CLANG_WARN_INFINITE_RECURSION = YES;
				CLANG_WARN_INT_CONVERSION = YES;
				CLANG_WARN_NON_LITERAL_NULL_CONVERSION = YES;
				CLANG_WARN_OBJC_IMPLICIT_RETAIN_SELF = YES;
				CLANG_WARN_OBJC_LITERAL_CONVERSION = YES;
				CLANG_WARN_OBJC_ROOT_CLASS = YES_ERROR;
				CLANG_WARN_QUOTED_INCLUDE_IN_FRAMEWORK_HEADER = YES;
				CLANG_WARN_RANGE_LOOP_ANALYSIS = YES;
				CLANG_WARN_STRICT_PROTOTYPES = YES;
				CLANG_WARN_SUSPICIOUS_MOVE = YES;
				CLANG_WARN_UNGUARDED_AVAILABILITY = YES_AGGRESSIVE;
				CLANG_WARN_UNREACHABLE_CODE = YES;
				CLANG_WARN__DUPLICATE_METHOD_MATCH = YES;
				COPY_PHASE_STRIP = NO;
				DEBUG_INFORMATION_FORMAT = dwarf;
				ENABLE_STRICT_OBJC_MSGSEND = YES;
				ENABLE_TESTABILITY = YES;
				GCC_C_LANGUAGE_STANDARD = gnu11;
				GCC_DYNAMIC_NO_PIC = NO;
				GCC_NO_COMMON_BLOCKS = YES;
				GCC_OPTIMIZATION_LEVEL = 0;
				GCC_PREPROCESSOR_DEFINITIONS = (
					"DEBUG=1",
					"$(inherited)",
				);
				GCC_WARN_64_TO_32_BIT_CONVERSION = YES;
				GCC_WARN_ABOUT_RETURN_TYPE = YES_ERROR;
				GCC_WARN_UNDECLARED_SELECTOR = YES;
				GCC_WARN_UNINITIALIZED_AUTOS = YES_AGGRESSIVE;
				GCC_WARN_UNUSED_FUNCTION = YES;
				GCC_WARN_UNUSED_VARIABLE = YES;
				IPHONEOS_DEPLOYMENT_TARGET = 16.4;
				MTL_ENABLE_DEBUG_INFO = INCLUDE_SOURCE;
				MTL_FAST_MATH = YES;
				ONLY_ACTIVE_ARCH = YES;
				SDKROOT = iphoneos;
				SWIFT_ACTIVE_COMPILATION_CONDITIONS = DEBUG;
				SWIFT_OPTIMIZATION_LEVEL = "-Onone";
			};
			name = Debug;
		};
		6AC12A6429F2F6170082E103 /* Release */ = {
			isa = XCBuildConfiguration;
			buildSettings = {
				ALWAYS_SEARCH_USER_PATHS = NO;
				CLANG_ANALYZER_NONNULL = YES;
				CLANG_ANALYZER_NUMBER_OBJECT_CONVERSION = YES_AGGRESSIVE;
				CLANG_CXX_LANGUAGE_STANDARD = "gnu++20";
				CLANG_ENABLE_MODULES = YES;
				CLANG_ENABLE_OBJC_ARC = YES;
				CLANG_ENABLE_OBJC_WEAK = YES;
				CLANG_WARN_BLOCK_CAPTURE_AUTORELEASING = YES;
				CLANG_WARN_BOOL_CONVERSION = YES;
				CLANG_WARN_COMMA = YES;
				CLANG_WARN_CONSTANT_CONVERSION = YES;
				CLANG_WARN_DEPRECATED_OBJC_IMPLEMENTATIONS = YES;
				CLANG_WARN_DIRECT_OBJC_ISA_USAGE = YES_ERROR;
				CLANG_WARN_DOCUMENTATION_COMMENTS = YES;
				CLANG_WARN_EMPTY_BODY = YES;
				CLANG_WARN_ENUM_CONVERSION = YES;
				CLANG_WARN_INFINITE_RECURSION = YES;
				CLANG_WARN_INT_CONVERSION = YES;
				CLANG_WARN_NON_LITERAL_NULL_CONVERSION = YES;
				CLANG_WARN_OBJC_IMPLICIT_RETAIN_SELF = YES;
				CLANG_WARN_OBJC_LITERAL_CONVERSION = YES;
				CLANG_WARN_OBJC_ROOT_CLASS = YES_ERROR;
				CLANG_WARN_QUOTED_INCLUDE_IN_FRAMEWORK_HEADER = YES;
				CLANG_WARN_RANGE_LOOP_ANALYSIS = YES;
				CLANG_WARN_STRICT_PROTOTYPES = YES;
				CLANG_WARN_SUSPICIOUS_MOVE = YES;
				CLANG_WARN_UNGUARDED_AVAILABILITY = YES_AGGRESSIVE;
				CLANG_WARN_UNREACHABLE_CODE = YES;
				CLANG_WARN__DUPLICATE_METHOD_MATCH = YES;
				COPY_PHASE_STRIP = NO;
				DEBUG_INFORMATION_FORMAT = "dwarf-with-dsym";
				ENABLE_NS_ASSERTIONS = NO;
				ENABLE_STRICT_OBJC_MSGSEND = YES;
				GCC_C_LANGUAGE_STANDARD = gnu11;
				GCC_NO_COMMON_BLOCKS = YES;
				GCC_WARN_64_TO_32_BIT_CONVERSION = YES;
				GCC_WARN_ABOUT_RETURN_TYPE = YES_ERROR;
				GCC_WARN_UNDECLARED_SELECTOR = YES;
				GCC_WARN_UNINITIALIZED_AUTOS = YES_AGGRESSIVE;
				GCC_WARN_UNUSED_FUNCTION = YES;
				GCC_WARN_UNUSED_VARIABLE = YES;
				IPHONEOS_DEPLOYMENT_TARGET = 16.4;
				MTL_ENABLE_DEBUG_INFO = NO;
				MTL_FAST_MATH = YES;
				SDKROOT = iphoneos;
				SWIFT_COMPILATION_MODE = wholemodule;
				SWIFT_OPTIMIZATION_LEVEL = "-O";
				VALIDATE_PRODUCT = YES;
			};
			name = Release;
		};
		6AC12A6629F2F6170082E103 /* Debug */ = {
			isa = XCBuildConfiguration;
			buildSettings = {
				ASSETCATALOG_COMPILER_APPICON_NAME = AppIcon;
				ASSETCATALOG_COMPILER_GLOBAL_ACCENT_COLOR_NAME = AccentColor;
				CODE_SIGN_STYLE = Automatic;
				CURRENT_PROJECT_VERSION = 1;
				DEVELOPMENT_ASSET_PATHS = "\"SuffixIterator/Preview Content\"";
				DEVELOPMENT_TEAM = G47FTPFFB7;
				ENABLE_PREVIEWS = YES;
				GENERATE_INFOPLIST_FILE = YES;
				INFOPLIST_KEY_UIApplicationSceneManifest_Generation = YES;
				INFOPLIST_KEY_UIApplicationSupportsIndirectInputEvents = YES;
				INFOPLIST_KEY_UILaunchScreen_Generation = YES;
				INFOPLIST_KEY_UISupportedInterfaceOrientations_iPad = "UIInterfaceOrientationPortrait UIInterfaceOrientationPortraitUpsideDown UIInterfaceOrientationLandscapeLeft UIInterfaceOrientationLandscapeRight";
				INFOPLIST_KEY_UISupportedInterfaceOrientations_iPhone = "UIInterfaceOrientationPortrait UIInterfaceOrientationLandscapeLeft UIInterfaceOrientationLandscapeRight";
				LD_RUNPATH_SEARCH_PATHS = (
					"$(inherited)",
					"@executable_path/Frameworks",
				);
				MARKETING_VERSION = 1.0;
				PRODUCT_BUNDLE_IDENTIFIER = com.verennikdi.SuffixIterator;
				PRODUCT_NAME = "$(TARGET_NAME)";
				SWIFT_EMIT_LOC_STRINGS = YES;
				SWIFT_VERSION = 5.0;
				TARGETED_DEVICE_FAMILY = "1,2";
			};
			name = Debug;
		};
		6AC12A6729F2F6170082E103 /* Release */ = {
			isa = XCBuildConfiguration;
			buildSettings = {
				ASSETCATALOG_COMPILER_APPICON_NAME = AppIcon;
				ASSETCATALOG_COMPILER_GLOBAL_ACCENT_COLOR_NAME = AccentColor;
				CODE_SIGN_STYLE = Automatic;
				CURRENT_PROJECT_VERSION = 1;
				DEVELOPMENT_ASSET_PATHS = "\"SuffixIterator/Preview Content\"";
				DEVELOPMENT_TEAM = G47FTPFFB7;
				ENABLE_PREVIEWS = YES;
				GENERATE_INFOPLIST_FILE = YES;
				INFOPLIST_KEY_UIApplicationSceneManifest_Generation = YES;
				INFOPLIST_KEY_UIApplicationSupportsIndirectInputEvents = YES;
				INFOPLIST_KEY_UILaunchScreen_Generation = YES;
				INFOPLIST_KEY_UISupportedInterfaceOrientations_iPad = "UIInterfaceOrientationPortrait UIInterfaceOrientationPortraitUpsideDown UIInterfaceOrientationLandscapeLeft UIInterfaceOrientationLandscapeRight";
				INFOPLIST_KEY_UISupportedInterfaceOrientations_iPhone = "UIInterfaceOrientationPortrait UIInterfaceOrientationLandscapeLeft UIInterfaceOrientationLandscapeRight";
				LD_RUNPATH_SEARCH_PATHS = (
					"$(inherited)",
					"@executable_path/Frameworks",
				);
				MARKETING_VERSION = 1.0;
				PRODUCT_BUNDLE_IDENTIFIER = com.verennikdi.SuffixIterator;
				PRODUCT_NAME = "$(TARGET_NAME)";
				SWIFT_EMIT_LOC_STRINGS = YES;
				SWIFT_VERSION = 5.0;
				TARGETED_DEVICE_FAMILY = "1,2";
			};
			name = Release;
		};
/* End XCBuildConfiguration section */

/* Begin XCConfigurationList section */
		6AC12A5229F2F6170082E103 /* Build configuration list for PBXProject "SuffixIterator" */ = {
			isa = XCConfigurationList;
			buildConfigurations = (
				6AC12A6329F2F6170082E103 /* Debug */,
				6AC12A6429F2F6170082E103 /* Release */,
			);
			defaultConfigurationIsVisible = 0;
			defaultConfigurationName = Release;
		};
		6AC12A6529F2F6170082E103 /* Build configuration list for PBXNativeTarget "SuffixIterator" */ = {
			isa = XCConfigurationList;
			buildConfigurations = (
				6AC12A6629F2F6170082E103 /* Debug */,
				6AC12A6729F2F6170082E103 /* Release */,
			);
			defaultConfigurationIsVisible = 0;
			defaultConfigurationName = Release;
		};
/* End XCConfigurationList section */
	};
	rootObject = 6AC12A4F29F2F6170082E103 /* Project object */;
}
